<?xml version="1.0" encoding="utf-8"?>
<Project ToolsVersion="4.0" xmlns="http://schemas.microsoft.com/developer/msbuild/2003">
  <ItemGroup>
    <Filter Include="Source Files">
      <UniqueIdentifier>{4FC737F1-C7A5-4376-A066-2A32D752A2FF}</UniqueIdentifier>
      <Extensions>cpp;c;cc;cxx;def;odl;idl;hpj;bat;asm;asmx</Extensions>
    </Filter>
    <Filter Include="Resource Files">
      <UniqueIdentifier>{67DA6AB6-F800-4c08-8B7A-83BB121AAD01}</UniqueIdentifier>
      <Extensions>rc;ico;cur;bmp;dlg;rc2;rct;bin;rgs;gif;jpg;jpeg;jpe;resx;tiff;tif;png;wav;mfcribbon-ms</Extensions>
    </Filter>
    <Filter Include="Source Files\Filters">
      <UniqueIdentifier>{41266904-0e23-4f23-aecc-c3294e6fbe97}</UniqueIdentifier>
    </Filter>
    <Filter Include="Source Files\Filters\Color">
      <UniqueIdentifier>{326fd855-4587-4f1f-a982-7dcf8b50c09b}</UniqueIdentifier>
    </Filter>
    <Filter Include="Source Files\Filters\Shaders">
      <UniqueIdentifier>{8370b62f-7bf1-4718-98f8-0c6ef05fe0e7}</UniqueIdentifier>
    </Filter>
    <Filter Include="Source Files\Main">
      <UniqueIdentifier>{e0db3a8e-bae0-45a0-9db3-5b1ab84a4327}</UniqueIdentifier>
    </Filter>
    <Filter Include="Source Files\Filters\Texture">
      <UniqueIdentifier>{fa015688-e3a7-4f57-bd7c-2ad68400cbc4}</UniqueIdentifier>
    </Filter>
    <Filter Include="Source Files\Encode">
      <UniqueIdentifier>{8cfb7d4f-3567-444a-a538-d7c5fbc303d2}</UniqueIdentifier>
    </Filter>
    <Filter Include="Source Files\Filters\CameraMatrix">
      <UniqueIdentifier>{e74fac6f-cf3d-4f76-91c0-209340f0ec89}</UniqueIdentifier>
    </Filter>
  </ItemGroup>
  <ItemGroup>
    <ClCompile Include="Filters\Filter.cpp">
      <Filter>Source Files\Filters</Filter>
    </ClCompile>
    <ClCompile Include="Filters\Color\FilterColor.cpp">
      <Filter>Source Files\Filters\Color</Filter>
    </ClCompile>
    <ClCompile Include="Main\Render.cpp">
      <Filter>Source Files\Main</Filter>
    </ClCompile>
    <ClCompile Include="Main\Main.cpp">
      <Filter>Source Files\Main</Filter>
    </ClCompile>
    <ClCompile Include="Filters\Texture\FilterTexture.cpp">
      <Filter>Source Files\Filters\Texture</Filter>
    </ClCompile>
    <ClCompile Include="Encode\Encode.cpp">
      <Filter>Source Files\Encode</Filter>
    </ClCompile>
    <ClCompile Include="Encode\Decode.cpp">
      <Filter>Source Files\Encode</Filter>
    </ClCompile>
    <ClCompile Include="Filters\CameraMatrix\FilterCameraMatrix.cpp">
      <Filter>Source Files\Filters\CameraMatrix</Filter>
    </ClCompile>
    <ClCompile Include="Filters\FilterResource.cpp">
      <Filter>Source Files\Filters</Filter>
    </ClCompile>
  </ItemGroup>
  <ItemGroup>
    <ClInclude Include="Filters\Filter.h">
      <Filter>Source Files\Filters</Filter>
    </ClInclude>
    <ClInclude Include="Filters\Color\FilterColor.h">
      <Filter>Source Files\Filters\Color</Filter>
    </ClInclude>
    <ClInclude Include="Main\Main.h">
      <Filter>Source Files\Main</Filter>
    </ClInclude>
    <ClInclude Include="Main\Render.h">
      <Filter>Source Files\Main</Filter>
    </ClInclude>
    <ClInclude Include="Main\Defs.h">
      <Filter>Source Files\Main</Filter>
    </ClInclude>
    <ClInclude Include="Filters\AllFilters.h">
      <Filter>Source Files\Filters</Filter>
    </ClInclude>
    <ClInclude Include="Filters\Texture\FilterTexture.h">
      <Filter>Source Files\Filters\Texture</Filter>
    </ClInclude>
    <ClInclude Include="Encode\Encode.h">
      <Filter>Source Files\Encode</Filter>
    </ClInclude>
    <ClInclude Include="Encode\Decode.h">
      <Filter>Source Files\Encode</Filter>
    </ClInclude>
    <ClInclude Include="Filters\CameraMatrix\FilterCameraMatrix.h">
      <Filter>Source Files\Filters\CameraMatrix</Filter>
    </ClInclude>
    <ClInclude Include="Filters\FilterResource.h">
      <Filter>Source Files\Filters</Filter>
    </ClInclude>
  </ItemGroup>
  <ItemGroup>
    <None Include="Filters\Shaders\FilterColor.frag">
      <Filter>Source Files\Filters\Shaders</Filter>
    </None>
    <None Include="Filters\Shaders\FilterColor.vert">
      <Filter>Source Files\Filters\Shaders</Filter>
    </None>
    <None Include="Filters\Shaders\FilterTexture.frag">
      <Filter>Source Files\Filters\Shaders</Filter>
    </None>
    <None Include="Filters\Shaders\FilterTexture.vert">
      <Filter>Source Files\Filters\Shaders</Filter>
    </None>
  </ItemGroup>
</Project>