<?xml version="1.0" encoding="utf-8"?>
<Project ToolsVersion="4.0" xmlns="http://schemas.microsoft.com/developer/msbuild/2003">
  <ItemGroup>
    <Filter Include="Source Files">
      <UniqueIdentifier>{4FC737F1-C7A5-4376-A066-2A32D752A2FF}</UniqueIdentifier>
      <Extensions>cpp;c;cc;cxx;def;odl;idl;hpj;bat;asm;asmx</Extensions>
    </Filter>
    <Filter Include="Header Files">
      <UniqueIdentifier>{93995380-89BD-4b04-88EB-625FBE52EBFB}</UniqueIdentifier>
      <Extensions>h;hh;hpp;hxx;hm;inl;inc;xsd</Extensions>
    </Filter>
    <Filter Include="Resource Files">
      <UniqueIdentifier>{67DA6AB6-F800-4c08-8B7A-83BB121AAD01}</UniqueIdentifier>
      <Extensions>rc;ico;cur;bmp;dlg;rc2;rct;bin;rgs;gif;jpg;jpeg;jpe;resx;tiff;tif;png;wav;mfcribbon-ms</Extensions>
    </Filter>
    <Filter Include="NGin">
      <UniqueIdentifier>{5a2add22-c003-4df5-a3ff-e34574c9eac3}</UniqueIdentifier>
    </Filter>
  </ItemGroup>
  <ItemGroup>
    <ClCompile Include="Main.cpp">
      <Filter>Source Files</Filter>
    </ClCompile>
    <ClCompile Include="..\NGin\GUI\Button.cpp">
      <Filter>NGin</Filter>
    </ClCompile>
    <ClCompile Include="..\NGin\GUI\Canvas.cpp">
      <Filter>NGin</Filter>
    </ClCompile>
    <ClCompile Include="..\NGin\GUI\Checkbox.cpp">
      <Filter>NGin</Filter>
    </ClCompile>
    <ClCompile Include="..\NGin\GUI\ClientCore.cpp">
      <Filter>NGin</Filter>
    </ClCompile>
    <ClCompile Include="..\NGin\GUI\Container.cpp">
      <Filter>NGin</Filter>
    </ClCompile>
    <ClCompile Include="..\NGin\GUI\ControlSetting.cpp">
      <Filter>NGin</Filter>
    </ClCompile>
    <ClCompile Include="..\NGin\GUI\Graphics.cpp">
      <Filter>NGin</Filter>
    </ClCompile>
    <ClCompile Include="..\NGin\GUI\GraphicsUtils.cpp">
      <Filter>NGin</Filter>
    </ClCompile>
    <ClCompile Include="..\NGin\GUI\GUIElement.cpp">
      <Filter>NGin</Filter>
    </ClCompile>
    <ClCompile Include="..\NGin\GUI\Image.cpp">
      <Filter>NGin</Filter>
    </ClCompile>
    <ClCompile Include="..\NGin\GUI\Label.cpp">
      <Filter>NGin</Filter>
    </ClCompile>
    <ClCompile Include="..\NGin\GUI\LabelBind.cpp">
      <Filter>NGin</Filter>
    </ClCompile>
    <ClCompile Include="..\NGin\GUI\Panel.cpp">
      <Filter>NGin</Filter>
    </ClCompile>
    <ClCompile Include="..\NGin\GUI\Plot.cpp">
      <Filter>NGin</Filter>
    </ClCompile>
    <ClCompile Include="..\NGin\GUI\Popup.cpp">
      <Filter>NGin</Filter>
    </ClCompile>
    <ClCompile Include="..\NGin\GUI\Slider.cpp">
      <Filter>NGin</Filter>
    </ClCompile>
    <ClCompile Include="..\NGin\GUI\Table.cpp">
      <Filter>NGin</Filter>
    </ClCompile>
    <ClCompile Include="..\NGin\GUI\TextInput.cpp">
      <Filter>NGin</Filter>
    </ClCompile>
    <ClCompile Include="..\NGin\Maths\BigFloat.cpp">
      <Filter>NGin</Filter>
    </ClCompile>
    <ClCompile Include="..\NGin\Maths\BigNumberLibrary\Cbignum.cpp">
      <Filter>NGin</Filter>
    </ClCompile>
    <ClCompile Include="..\NGin\Maths\BigNumberLibrary\Cbignumf.cpp">
      <Filter>NGin</Filter>
    </ClCompile>
    <ClCompile Include="..\NGin\Maths\BigNumberLibrary\Cbignums.cpp">
      <Filter>NGin</Filter>
    </ClCompile>
    <ClCompile Include="..\NGin\Maths\BigNumberLibrary\Ctty.cpp">
      <Filter>NGin</Filter>
    </ClCompile>
    <ClCompile Include="..\NGin\Maths\BigNumberLibrary\Exarray.cpp">
      <Filter>NGin</Filter>
    </ClCompile>
    <ClCompile Include="..\NGin\Maths\BigNumberLibrary\Prime.cpp">
      <Filter>NGin</Filter>
    </ClCompile>
    <ClCompile Include="..\NGin\Maths\BinTree.cpp">
      <Filter>NGin</Filter>
    </ClCompile>
    <ClCompile Include="..\NGin\Maths\FlowSystem.cpp">
      <Filter>NGin</Filter>
    </ClCompile>
    <ClCompile Include="..\NGin\Maths\Fraction.cpp">
      <Filter>NGin</Filter>
    </ClCompile>
    <ClCompile Include="..\NGin\Maths\helperFunctions.cpp">
      <Filter>NGin</Filter>
    </ClCompile>
    <ClCompile Include="..\NGin\Maths\Keyframe.cpp">
      <Filter>NGin</Filter>
    </ClCompile>
    <ClCompile Include="..\NGin\Maths\Point.cpp">
      <Filter>NGin</Filter>
    </ClCompile>
    <ClCompile Include="..\NGin\Maths\Polynomial.cpp">
      <Filter>NGin</Filter>
    </ClCompile>
    <ClCompile Include="..\NGin\Network\Compress.cpp">
      <Filter>NGin</Filter>
    </ClCompile>
    <ClCompile Include="..\NGin\Network\Network.cpp">
      <Filter>NGin</Filter>
    </ClCompile>
    <ClCompile Include="..\NGin\Network\NetworkData.cpp">
      <Filter>NGin</Filter>
    </ClCompile>
    <ClCompile Include="..\NGin\Scripts\Scripts.cpp">
      <Filter>NGin</Filter>
    </ClCompile>
    <ClCompile Include="Graphics\Shader.cpp">
      <Filter>Source Files</Filter>
    </ClCompile>
    <ClCompile Include="Graphics\Render.cpp">
      <Filter>Source Files</Filter>
    </ClCompile>
    <ClCompile Include="Graphics\Transpose.cpp">
      <Filter>Source Files</Filter>
    </ClCompile>
    <ClCompile Include="Geometry.cpp">
      <Filter>Source Files</Filter>
    </ClCompile>
  </ItemGroup>
  <ItemGroup>
    <ClInclude Include="Defs.h">
      <Filter>Source Files</Filter>
    </ClInclude>
    <ClInclude Include="..\NGin\GL\freeglut.h">
      <Filter>NGin</Filter>
    </ClInclude>
    <ClInclude Include="..\NGin\GL\freeglut_ext.h">
      <Filter>NGin</Filter>
    </ClInclude>
    <ClInclude Include="..\NGin\GL\freeglut_std.h">
      <Filter>NGin</Filter>
    </ClInclude>
    <ClInclude Include="..\NGin\GL\glut.h">
      <Filter>NGin</Filter>
    </ClInclude>
    <ClInclude Include="..\NGin\GUI\Button.h">
      <Filter>NGin</Filter>
    </ClInclude>
    <ClInclude Include="..\NGin\GUI\Canvas.h">
      <Filter>NGin</Filter>
    </ClInclude>
    <ClInclude Include="..\NGin\GUI\Checkbox.h">
      <Filter>NGin</Filter>
    </ClInclude>
    <ClInclude Include="..\NGin\GUI\ClientCore.h">
      <Filter>NGin</Filter>
    </ClInclude>
    <ClInclude Include="..\NGin\GUI\Container.h">
      <Filter>NGin</Filter>
    </ClInclude>
    <ClInclude Include="..\NGin\GUI\ControlSetting.h">
      <Filter>NGin</Filter>
    </ClInclude>
    <ClInclude Include="..\NGin\GUI\Graphics.h">
      <Filter>NGin</Filter>
    </ClInclude>
    <ClInclude Include="..\NGin\GUI\GraphicsUtils.h">
      <Filter>NGin</Filter>
    </ClInclude>
    <ClInclude Include="..\NGin\GUI\GUIElement.h">
      <Filter>NGin</Filter>
    </ClInclude>
    <ClInclude Include="..\NGin\GUI\Image.h">
      <Filter>NGin</Filter>
    </ClInclude>
    <ClInclude Include="..\NGin\GUI\Label.h">
      <Filter>NGin</Filter>
    </ClInclude>
    <ClInclude Include="..\NGin\GUI\LabelBind.h">
      <Filter>NGin</Filter>
    </ClInclude>
    <ClInclude Include="..\NGin\GUI\Panel.h">
      <Filter>NGin</Filter>
    </ClInclude>
    <ClInclude Include="..\NGin\GUI\Plot.h">
      <Filter>NGin</Filter>
    </ClInclude>
    <ClInclude Include="..\NGin\GUI\Popup.h">
      <Filter>NGin</Filter>
    </ClInclude>
    <ClInclude Include="..\NGin\GUI\Slider.h">
      <Filter>NGin</Filter>
    </ClInclude>
    <ClInclude Include="..\NGin\GUI\stb_image.h">
      <Filter>NGin</Filter>
    </ClInclude>
    <ClInclude Include="..\NGin\GUI\Table.h">
      <Filter>NGin</Filter>
    </ClInclude>
    <ClInclude Include="..\NGin\GUI\TextInput.h">
      <Filter>NGin</Filter>
    </ClInclude>
    <ClInclude Include="..\NGin\Maths\BigFloat.h">
      <Filter>NGin</Filter>
    </ClInclude>
    <ClInclude Include="..\NGin\Maths\BigNumberLibrary\Cbignum.h">
      <Filter>NGin</Filter>
    </ClInclude>
    <ClInclude Include="..\NGin\Maths\BigNumberLibrary\Cbignumf.h">
      <Filter>NGin</Filter>
    </ClInclude>
    <ClInclude Include="..\NGin\Maths\BigNumberLibrary\Cbignums.h">
      <Filter>NGin</Filter>
    </ClInclude>
    <ClInclude Include="..\NGin\Maths\BigNumberLibrary\Cbnl.h">
      <Filter>NGin</Filter>
    </ClInclude>
    <ClInclude Include="..\NGin\Maths\BigNumberLibrary\Cios.h">
      <Filter>NGin</Filter>
    </ClInclude>
    <ClInclude Include="..\NGin\Maths\BigNumberLibrary\Cthr.h">
      <Filter>NGin</Filter>
    </ClInclude>
    <ClInclude Include="..\NGin\Maths\BigNumberLibrary\Ctty.h">
      <Filter>NGin</Filter>
    </ClInclude>
    <ClInclude Include="..\NGin\Maths\BigNumberLibrary\Exarray.h">
      <Filter>NGin</Filter>
    </ClInclude>
    <ClInclude Include="..\NGin\Maths\BigNumberLibrary\Exdebug.h">
      <Filter>NGin</Filter>
    </ClInclude>
    <ClInclude Include="..\NGin\Maths\BigNumberLibrary\Exstring.h">
      <Filter>NGin</Filter>
    </ClInclude>
    <ClInclude Include="..\NGin\Maths\BigNumberLibrary\Exthread.h">
      <Filter>NGin</Filter>
    </ClInclude>
    <ClInclude Include="..\NGin\Maths\BinTree.h">
      <Filter>NGin</Filter>
    </ClInclude>
    <ClInclude Include="..\NGin\Maths\constants.h">
      <Filter>NGin</Filter>
    </ClInclude>
    <ClInclude Include="..\NGin\Maths\FlowSystem.h">
      <Filter>NGin</Filter>
    </ClInclude>
    <ClInclude Include="..\NGin\Maths\Fraction.h">
      <Filter>NGin</Filter>
    </ClInclude>
    <ClInclude Include="..\NGin\Maths\helperFunctions.h">
      <Filter>NGin</Filter>
    </ClInclude>
    <ClInclude Include="..\NGin\Maths\Keyframe.h">
      <Filter>NGin</Filter>
    </ClInclude>
    <ClInclude Include="..\NGin\Maths\Point.h">
      <Filter>NGin</Filter>
    </ClInclude>
    <ClInclude Include="..\NGin\Maths\Polynomial.h">
      <Filter>NGin</Filter>
    </ClInclude>
    <ClInclude Include="..\NGin\Maths\Types.h">
      <Filter>NGin</Filter>
    </ClInclude>
    <ClInclude Include="..\NGin\Network\Compress.h">
      <Filter>NGin</Filter>
    </ClInclude>
    <ClInclude Include="..\NGin\Network\Network.h">
      <Filter>NGin</Filter>
    </ClInclude>
    <ClInclude Include="..\NGin\Network\NetworkData.h">
      <Filter>NGin</Filter>
    </ClInclude>
    <ClInclude Include="..\NGin\NGin.h">
      <Filter>NGin</Filter>
    </ClInclude>
    <ClInclude Include="..\NGin\rapidxml\rapidxml.hpp">
      <Filter>NGin</Filter>
    </ClInclude>
    <ClInclude Include="..\NGin\rapidxml\rapidxml_iterators.hpp">
      <Filter>NGin</Filter>
    </ClInclude>
    <ClInclude Include="..\NGin\rapidxml\rapidxml_print.hpp">
      <Filter>NGin</Filter>
    </ClInclude>
    <ClInclude Include="..\NGin\rapidxml\rapidxml_utils.hpp">
      <Filter>NGin</Filter>
    </ClInclude>
    <ClInclude Include="..\NGin\Scripts\Scripts.h">
      <Filter>NGin</Filter>
    </ClInclude>
    <ClInclude Include="Graphics\Shader.h">
      <Filter>Source Files</Filter>
    </ClInclude>
    <ClInclude Include="Graphics\Render.h">
      <Filter>Source Files</Filter>
    </ClInclude>
    <ClInclude Include="Graphics\Transpose.h">
      <Filter>Source Files</Filter>
    </ClInclude>
    <ClInclude Include="Geometry.h">
      <Filter>Source Files</Filter>
    </ClInclude>
  </ItemGroup>
  <ItemGroup>
    <None Include="..\NGin\Maths\BigNumberLibrary\Cbignumf.inl">
      <Filter>NGin</Filter>
    </None>
    <None Include="..\NGin\Maths\BigNumberLibrary\Cbnl.inl">
      <Filter>NGin</Filter>
    </None>
    <None Include="..\NGin\Maths\BigNumberLibrary\Cbnl64.inl">
      <Filter>NGin</Filter>
    </None>
    <None Include="..\NGin\rapidxml\manual.html">
      <Filter>NGin</Filter>
    </None>
    <None Include="Graphics\Core.frag">
      <Filter>Source Files</Filter>
    </None>
    <None Include="Graphics\Core.vert">
      <Filter>Source Files</Filter>
    </None>
    <None Include="Graphics\Edges.frag">
      <Filter>Source Files</Filter>
    </None>
    <None Include="Graphics\Edges.vert">
      <Filter>Source Files</Filter>
    </None>
    <None Include="Graphics\Edges.geom">
      <Filter>Source Files</Filter>
    </None>
  </ItemGroup>
</Project>