<?xml version="1.0" encoding="utf-8"?>
<Project ToolsVersion="4.0" xmlns="http://schemas.microsoft.com/developer/msbuild/2003">
  <ItemGroup>
    <Filter Include="Source Files">
      <UniqueIdentifier>{4FC737F1-C7A5-4376-A066-2A32D752A2FF}</UniqueIdentifier>
      <Extensions>cpp;c;cc;cxx;def;odl;idl;hpj;bat;asm;asmx</Extensions>
    </Filter>
    <Filter Include="Resource Files">
      <UniqueIdentifier>{67DA6AB6-F800-4c08-8B7A-83BB121AAD01}</UniqueIdentifier>
      <Extensions>rc;ico;cur;bmp;dlg;rc2;rct;bin;rgs;gif;jpg;jpeg;jpe;resx;tiff;tif;png;wav;mfcribbon-ms</Extensions>
    </Filter>
    <Filter Include="Source Files\Editor">
      <UniqueIdentifier>{1716000a-e9de-47ff-b369-bdc1157c93a2}</UniqueIdentifier>
    </Filter>
    <Filter Include="Source Files\Renderer">
      <UniqueIdentifier>{2f97eed2-4456-46bd-bf1d-3f513fd92fb0}</UniqueIdentifier>
    </Filter>
    <Filter Include="Source Files\CSG">
      <UniqueIdentifier>{128b0d9e-f8e7-42b7-8627-b7b8f4af383b}</UniqueIdentifier>
    </Filter>
    <Filter Include="Source Files\Main">
      <UniqueIdentifier>{e71416d2-4fb9-4140-b2af-fd579717801a}</UniqueIdentifier>
    </Filter>
    <Filter Include="Source Files\Renderer\Shaders">
      <UniqueIdentifier>{fca4099b-f83c-40d8-866f-197aa241cb8e}</UniqueIdentifier>
    </Filter>
    <Filter Include="Templates">
      <UniqueIdentifier>{a23761bb-86d3-406c-a028-79e03e185e4b}</UniqueIdentifier>
    </Filter>
  </ItemGroup>
  <ItemGroup>
    <ClCompile Include="Renderer\Render.cpp">
      <Filter>Source Files\Renderer</Filter>
    </ClCompile>
    <ClCompile Include="Renderer\Transpose.cpp">
      <Filter>Source Files\Renderer</Filter>
    </ClCompile>
    <ClCompile Include="Editor\Editor.cpp">
      <Filter>Source Files\Editor</Filter>
    </ClCompile>
    <ClCompile Include="CSG\Geometry.cpp">
      <Filter>Source Files\CSG</Filter>
    </ClCompile>
    <ClCompile Include="Main.cpp">
      <Filter>Source Files\Main</Filter>
    </ClCompile>
    <ClCompile Include="Editor\Framework.cpp">
      <Filter>Source Files\Editor</Filter>
    </ClCompile>
    <ClCompile Include="Editor\PluginCreate.cpp">
      <Filter>Source Files\Editor</Filter>
    </ClCompile>
    <ClCompile Include="Editor\PluginObject.cpp">
      <Filter>Source Files\Editor</Filter>
    </ClCompile>
    <ClCompile Include="Editor\PluginSelect.cpp">
      <Filter>Source Files\Editor</Filter>
    </ClCompile>
    <ClCompile Include="Editor\PluginBoolean.cpp">
      <Filter>Source Files\Editor</Filter>
    </ClCompile>
    <ClCompile Include="CSG\Object.cpp">
      <Filter>Source Files\CSG</Filter>
    </ClCompile>
    <ClCompile Include="Editor\PluginColor.cpp">
      <Filter>Source Files\Editor</Filter>
    </ClCompile>
    <ClCompile Include="CSG\Ply.cpp">
      <Filter>Source Files\CSG</Filter>
    </ClCompile>
    <ClCompile Include="Editor\PluginBuilding.cpp">
      <Filter>Source Files\Editor</Filter>
    </ClCompile>
    <ClCompile Include="Editor\PluginSpacecarve.cpp">
      <Filter>Source Files\Editor</Filter>
    </ClCompile>
  </ItemGroup>
  <ItemGroup>
    <ClInclude Include="Renderer\Render.h">
      <Filter>Source Files\Renderer</Filter>
    </ClInclude>
    <ClInclude Include="Renderer\Transpose.h">
      <Filter>Source Files\Renderer</Filter>
    </ClInclude>
    <ClInclude Include="Editor\Editor.h">
      <Filter>Source Files\Editor</Filter>
    </ClInclude>
    <ClInclude Include="CSG\Geometry.h">
      <Filter>Source Files\CSG</Filter>
    </ClInclude>
    <ClInclude Include="Defs.h">
      <Filter>Source Files\Main</Filter>
    </ClInclude>
    <ClInclude Include="Main.h">
      <Filter>Source Files\Main</Filter>
    </ClInclude>
    <ClInclude Include="Editor\Framework.h">
      <Filter>Source Files\Editor</Filter>
    </ClInclude>
    <ClInclude Include="Editor\PluginCreate.h">
      <Filter>Source Files\Editor</Filter>
    </ClInclude>
    <ClInclude Include="Editor\PluginObject.h">
      <Filter>Source Files\Editor</Filter>
    </ClInclude>
    <ClInclude Include="Editor\PluginSelect.h">
      <Filter>Source Files\Editor</Filter>
    </ClInclude>
    <ClInclude Include="Editor\PluginBoolean.h">
      <Filter>Source Files\Editor</Filter>
    </ClInclude>
    <ClInclude Include="CSG\Object.h">
      <Filter>Source Files\CSG</Filter>
    </ClInclude>
    <ClInclude Include="Editor\PluginColor.h">
      <Filter>Source Files\Editor</Filter>
    </ClInclude>
    <ClInclude Include="CSG\Ply.h">
      <Filter>Source Files\CSG</Filter>
    </ClInclude>
    <ClInclude Include="Editor\PluginBuilding.h">
      <Filter>Source Files\Editor</Filter>
    </ClInclude>
    <ClInclude Include="resource.h">
      <Filter>Resource Files</Filter>
    </ClInclude>
    <ClInclude Include="Editor\PluginSpacecarve.h">
      <Filter>Source Files\Editor</Filter>
    </ClInclude>
  </ItemGroup>
  <ItemGroup>
    <None Include="Renderer\Core.vert">
      <Filter>Source Files\Renderer\Shaders</Filter>
    </None>
    <None Include="Renderer\Edges.frag">
      <Filter>Source Files\Renderer\Shaders</Filter>
    </None>
    <None Include="Renderer\Edges.geom">
      <Filter>Source Files\Renderer\Shaders</Filter>
    </None>
    <None Include="Renderer\Edges.vert">
      <Filter>Source Files\Renderer\Shaders</Filter>
    </None>
    <None Include="Renderer\Core.frag">
      <Filter>Source Files\Renderer\Shaders</Filter>
    </None>
    <None Include="Editor\Checkboard.frag">
      <Filter>Source Files\Editor</Filter>
    </None>
    <None Include="Editor\Checkboard.vert">
      <Filter>Source Files\Editor</Filter>
    </None>
    <None Include="Renderer\SimpleLine.frag">
      <Filter>Source Files\Renderer\Shaders</Filter>
    </None>
    <None Include="Renderer\SimpleLine.geom">
      <Filter>Source Files\Renderer\Shaders</Filter>
    </None>
    <None Include="Renderer\SimpleLine.vert">
      <Filter>Source Files\Renderer\Shaders</Filter>
    </None>
    <None Include="Editor\Checkboard_2D.frag">
      <Filter>Source Files\Editor</Filter>
    </None>
    <None Include="Editor\Checkboard_2D.vert">
      <Filter>Source Files\Editor</Filter>
    </None>
  </ItemGroup>
  <ItemGroup>
    <ResourceCompile Include="CGE.rc">
      <Filter>Resource Files</Filter>
    </ResourceCompile>
  </ItemGroup>
  <ItemGroup>
    <Image Include="CGE.ico">
      <Filter>Resource Files</Filter>
    </Image>
  </ItemGroup>
</Project>